
Microsoft Visual Studio Solution File, Format Version 12.00
# Visual Studio Version 16
VisualStudioVersion = 16.0.31129.286
MinimumVisualStudioVersion = 10.0.40219.1
Project("{FAE04EC0-301F-11D3-BF4B-00C04F79EFBC}") = "PortaldeEmpleoAPI", "PortaldeEmpleoAPI\PortaldeEmpleoAPI.csproj", "{F8456409-D1C7-4874-AD2C-DBB48CAE7988}"
EndProject
Global
	GlobalSection(SolutionConfigurationPlatforms) = preSolution
		Debug|Any CPU = Debug|Any CPU
		Release|Any CPU = Release|Any CPU
	EndGlobalSection
	GlobalSection(ProjectConfigurationPlatforms) = postSolution
		{F8456409-D1C7-4874-AD2C-DBB48CAE7988}.Debug|Any CPU.ActiveCfg = Debug|Any CPU
		{F8456409-D1C7-4874-AD2C-DBB48CAE7988}.Debug|Any CPU.Build.0 = Debug|Any CPU
		{F8456409-D1C7-4874-AD2C-DBB48CAE7988}.Release|Any CPU.ActiveCfg = Release|Any CPU
		{F8456409-D1C7-4874-AD2C-DBB48CAE7988}.Release|Any CPU.Build.0 = Release|Any CPU
	EndGlobalSection
	GlobalSection(SolutionProperties) = preSolution
		HideSolutionNode = FALSE
	EndGlobalSection
	GlobalSection(ExtensibilityGlobals) = postSolution
		SolutionGuid = {7EAE2FAF-9316-4E87-848D-9E2D575DD525}
	EndGlobalSection
EndGlobal
